# @generated - this file is auto-generated by `mise lock` https://mise.en.dev/dev-tools/mise-lock.html

[[tools.java]]
version = "26.0.2"
backend = "core:java"

[tools.java.options]
shorthand_vendor = "openjdk"

[tools.java."platforms.linux-arm64"]
checksum = "sha256:0ce6516c459e635d9f263f9b3492d83ec2c1ee26db128a6d904cae3d3096ceee"
url = "https://download.java.net/java/GA/jdk26.0.2/818d462d89b645c7a1aad49066c454e5/10/GPL/openjdk-26.0.2_linux-aarch64_bin.tar.gz"

[tools.java."platforms.linux-x64"]
checksum = "sha256:2da09e9db53e5c4f9eeec045f49e7d8fbcd8e4153edbf0c269f520ff82fd4198"
url = "https://download.java.net/java/GA/jdk26.0.2/818d462d89b645c7a1aad49066c454e5/10/GPL/openjdk-26.0.2_linux-x64_bin.tar.gz"

[tools.java."platforms.macos-arm64"]
checksum = "sha256:c99b35ad3063ef555361a243c44280b048e24e3cbbc4a59ee3b368e5a8958f3a"
url = "https://download.java.net/java/GA/jdk26.0.2/818d462d89b645c7a1aad49066c454e5/10/GPL/openjdk-26.0.2_macos-aarch64_bin.tar.gz"

[tools.java."platforms.macos-x64"]
checksum = "sha256:c258f17d4095c0cda0489d33fc4988d4be193a280b7e1f045e961699dedbfc65"
url = "https://download.java.net/java/GA/jdk26.0.2/818d462d89b645c7a1aad49066c454e5/10/GPL/openjdk-26.0.2_macos-x64_bin.tar.gz"

[tools.java."platforms.windows-x64"]
checksum = "sha256:a4974cff5ec4c1042ebb070b2e582354786289e0448fd78a2c7b1a6a177f1080"
url = "https://download.java.net/java/GA/jdk26.0.2/818d462d89b645c7a1aad49066c454e5/10/GPL/openjdk-26.0.2_windows-x64_bin.zip"

[[tools.lua]]
version = "5.1"
backend = "asdf:lua"

[[tools.node]]
version = "24.18.1"
backend = "core:node"

[tools.node."platforms.linux-arm64"]
checksum = "sha256:df224555a083b918e46260cc969838501b9f9a87140c1195e5b9597b56d5dae2"
url = "https://nodejs.org/dist/v24.18.1/node-v24.18.1-linux-arm64.tar.gz"

[tools.node."platforms.linux-arm64-musl"]
checksum = "sha256:ae1b6457edb875fd98130b37c853e51a53ac0cc40850ecccd490b61c5a3558fa"
url = "https://unofficial-builds.nodejs.org/download/release/v24.18.1/node-v24.18.1-linux-arm64-musl.tar.gz"

[tools.node."platforms.linux-x64"]
checksum = "sha256:9f5eb6ac21845a66c493c91a253b1da32fd684e89e9b7202d4936982336be4ca"
url = "https://nodejs.org/dist/v24.18.1/node-v24.18.1-linux-x64.tar.gz"

[tools.node."platforms.linux-x64-musl"]
checksum = "sha256:696979caef92505ad7566a3674ca9a93d8558e282f34e7899181c0321821ae5f"
url = "https://unofficial-builds.nodejs.org/download/release/v24.18.1/node-v24.18.1-linux-x64-musl.tar.gz"

[tools.node."platforms.macos-arm64"]
checksum = "sha256:eb02f7fab96d3d67de40c5ec8566096fcb4c2026728787683ae5a97eb612b941"
url = "https://nodejs.org/dist/v24.18.1/node-v24.18.1-darwin-arm64.tar.gz"

[tools.node."platforms.macos-x64"]
checksum = "sha256:6fb20fceacbb157c2f95825b80df4a454a0f6d81cdcd7bb81eeae9147e0e76ec"
url = "https://nodejs.org/dist/v24.18.1/node-v24.18.1-darwin-x64.tar.gz"

[tools.node."platforms.windows-x64"]
checksum = "sha256:ec56b84a7551893ab2324ebdfdc4ab974a63b4781162600b68a1293cc3e53765"
url = "https://nodejs.org/dist/v24.18.1/node-v24.18.1-win-x64.zip"

[[tools."npm:@earendil-works/pi-coding-agent"]]
version = "0.82.1"
backend = "npm:@earendil-works/pi-coding-agent"

[[tools."npm:@mermaid-js/mermaid-cli"]]
version = "11.16.0"
backend = "npm:@mermaid-js/mermaid-cli"

[[tools."npm:knip"]]
version = "6.29.0"
backend = "npm:knip"

[[tools."npm:neovim"]]
version = "5.4.0"
backend = "npm:neovim"

[[tools."npm:skills"]]
version = "1.5.20"
backend = "npm:skills"

[[tools."npm:typescript"]]
version = "7.0.2"
backend = "npm:typescript"

[[tools."npm:typescript-language-server"]]
version = "5.3.0"
backend = "npm:typescript-language-server"

[[tools.python]]
version = "3.14.6"
backend = "core:python"

[tools.python."platforms.linux-arm64"]
checksum = "sha256:8ad1ec529cd1708245e8661a463245fc1479c43cbfd66e58b095456ebf77180a"
url = "https://github.com/astral-sh/python-build-standalone/releases/download/20260804/cpython-3.14.6+20260804-aarch64-unknown-linux-gnu-install_only_stripped.tar.gz"
provenance = "github-attestations"

[tools.python."platforms.linux-arm64-musl"]
checksum = "sha256:85dbb537dc5d6679edabfb61cefdf2511d26cb8669662c4563202b0990e79b4a"
url = "https://github.com/astral-sh/python-build-standalone/releases/download/20260804/cpython-3.14.6+20260804-aarch64-unknown-linux-musl-install_only_stripped.tar.gz"
provenance = "github-attestations"

[tools.python."platforms.linux-x64"]
checksum = "sha256:ba960817e542642021135db330d875f410f4e14c64a62e2ae5faf3697ada08b2"
url = "https://github.com/astral-sh/python-build-standalone/releases/download/20260804/cpython-3.14.6+20260804-x86_64-unknown-linux-gnu-install_only_stripped.tar.gz"
provenance = "github-attestations"

[tools.python."platforms.linux-x64-musl"]
checksum = "sha256:cbedbddcc6b2de99310015e629df67aeb732f622bbf258ec5d310757f85ab7ac"
url = "https://github.com/astral-sh/python-build-standalone/releases/download/20260804/cpython-3.14.6+20260804-x86_64-unknown-linux-musl-install_only_stripped.tar.gz"
provenance = "github-attestations"

[tools.python."platforms.macos-arm64"]
checksum = "blake3:e9164d7cebd580fa2d74b4fa9217ac4ec3e7579b905cd9202afd0b90d691ee54"
url = "https://github.com/astral-sh/python-build-standalone/releases/download/20260804/cpython-3.14.6+20260804-aarch64-apple-darwin-install_only_stripped.tar.gz"
provenance = "github-attestations"

[tools.python."platforms.macos-x64"]
checksum = "sha256:78ded4c4f0b6a931240f09bd20608533bb40dd71c1ff953c7267359075ca8b16"
url = "https://github.com/astral-sh/python-build-standalone/releases/download/20260804/cpython-3.14.6+20260804-x86_64-apple-darwin-install_only_stripped.tar.gz"
provenance = "github-attestations"

[tools.python."platforms.windows-x64"]
checksum = "sha256:ada613a2af32c04cf7c54726243c56d76f0e59f5f61d2f28371d3b9d8efad566"
url = "https://github.com/astral-sh/python-build-standalone/releases/download/20260804/cpython-3.14.6+20260804-x86_64-pc-windows-msvc-install_only_stripped.tar.gz"
provenance = "github-attestations"

[[tools.terraform]]
version = "1.15.8"
backend = "aqua:hashicorp/terraform"

[tools.terraform."platforms.linux-arm64"]
checksum = "sha256:8891e9dcedc9e3b8950bc6af9d4d8af1f4cfade3062f53b9dc403a89f6ce8c9c"
url = "https://releases.hashicorp.com/terraform/1.15.8/terraform_1.15.8_linux_arm64.zip"

[tools.terraform."platforms.linux-arm64-musl"]
checksum = "sha256:8891e9dcedc9e3b8950bc6af9d4d8af1f4cfade3062f53b9dc403a89f6ce8c9c"
url = "https://releases.hashicorp.com/terraform/1.15.8/terraform_1.15.8_linux_arm64.zip"

[tools.terraform."platforms.linux-x64"]
checksum = "sha256:d25ce7b6902013ad905db3d2eab0be4cd905887fe88b81a6171b8d5503c31f3d"
url = "https://releases.hashicorp.com/terraform/1.15.8/terraform_1.15.8_linux_amd64.zip"

[tools.terraform."platforms.linux-x64-musl"]
checksum = "sha256:d25ce7b6902013ad905db3d2eab0be4cd905887fe88b81a6171b8d5503c31f3d"
url = "https://releases.hashicorp.com/terraform/1.15.8/terraform_1.15.8_linux_amd64.zip"

[tools.terraform."platforms.macos-arm64"]
checksum = "sha256:f210110c5698b94d803a7a63cdb0251b5455c150841478808e2bbb343f95ed68"
url = "https://releases.hashicorp.com/terraform/1.15.8/terraform_1.15.8_darwin_arm64.zip"

[tools.terraform."platforms.macos-x64"]
checksum = "sha256:e2e812e783771159bf758fd4e55d6dc9bb08f63e2af2c63d212721807a02c5dc"
url = "https://releases.hashicorp.com/terraform/1.15.8/terraform_1.15.8_darwin_amd64.zip"

[tools.terraform."platforms.windows-x64"]
checksum = "sha256:2ff41d2129afb1982733c132c61a8d6ef038f879f3aeede7fc28b8b8b24acf02"
url = "https://releases.hashicorp.com/terraform/1.15.8/terraform_1.15.8_windows_amd64.zip"

[[tools.uv]]
version = "0.12.0"
backend = "aqua:astral-sh/uv"

[tools.uv."platforms.linux-arm64"]
checksum = "sha256:936fbbf20188a2b1c66bce3dca3f4009a5c9cdf12bb2bbd084e71926f75d6a15"
url = "https://github.com/astral-sh/uv/releases/download/0.12.0/uv-aarch64-unknown-linux-musl.tar.gz"
url_api = "https://api.github.com/repos/astral-sh/uv/releases/assets/493071360"
provenance = "github-attestations"

[tools.uv."platforms.linux-arm64-musl"]
checksum = "sha256:936fbbf20188a2b1c66bce3dca3f4009a5c9cdf12bb2bbd084e71926f75d6a15"
url = "https://github.com/astral-sh/uv/releases/download/0.12.0/uv-aarch64-unknown-linux-musl.tar.gz"
url_api = "https://api.github.com/repos/astral-sh/uv/releases/assets/493071360"
provenance = "github-attestations"

[tools.uv."platforms.linux-x64"]
checksum = "sha256:3340a9d8cffc4d801bc1a7459ebfaf5790c79400720d9b6963d806f058526684"
url = "https://github.com/astral-sh/uv/releases/download/0.12.0/uv-x86_64-unknown-linux-musl.tar.gz"
url_api = "https://api.github.com/repos/astral-sh/uv/releases/assets/493071451"
provenance = "github-attestations"

[tools.uv."platforms.linux-x64-musl"]
checksum = "sha256:3340a9d8cffc4d801bc1a7459ebfaf5790c79400720d9b6963d806f058526684"
url = "https://github.com/astral-sh/uv/releases/download/0.12.0/uv-x86_64-unknown-linux-musl.tar.gz"
url_api = "https://api.github.com/repos/astral-sh/uv/releases/assets/493071451"
provenance = "github-attestations"

[tools.uv."platforms.macos-arm64"]
checksum = "sha256:2b9e582af54f84fa50c115427451a6c13e80f43b52f8282b8af5791077317bbf"
url = "https://github.com/astral-sh/uv/releases/download/0.12.0/uv-aarch64-apple-darwin.tar.gz"
url_api = "https://api.github.com/repos/astral-sh/uv/releases/assets/493071342"
provenance = "github-attestations"

[tools.uv."platforms.macos-x64"]
checksum = "sha256:d41593beaefc54bab7d062af0ef6ca093bfb81d001d58ebbef39e44423f9c496"
url = "https://github.com/astral-sh/uv/releases/download/0.12.0/uv-x86_64-apple-darwin.tar.gz"
url_api = "https://api.github.com/repos/astral-sh/uv/releases/assets/493071438"
provenance = "github-attestations"

[tools.uv."platforms.windows-x64"]
checksum = "sha256:68200e25de594df92387186bbfb9d9df606ec1d87efaa0ae0c7f690970e53db6"
url = "https://github.com/astral-sh/uv/releases/download/0.12.0/uv-x86_64-pc-windows-msvc.zip"
url_api = "https://api.github.com/repos/astral-sh/uv/releases/assets/493071443"
provenance = "github-attestations"
